{
    "_readme": [
        "This file locks the dependencies of your project to a known state",
        "Read more about it at https://getcomposer.org/doc/01-basic-usage.md#installing-dependencies",
        "This file is @generated automatically"
    ],
    "content-hash": "d5934cae5cafbefc204b13cb0655ae09",
    "packages": [
        {
            "name": "php-curl-class/php-curl-class",
            "version": "8.6.2",
            "source": {
                "type": "git",
                "url": "https://github.com/php-curl-class/php-curl-class.git",
                "reference": "54be433a7299c15b024ba808e10a96c5d5791d99"
            },
            "dist": {
                "type": "zip",
                "url": "https://api.github.com/repos/php-curl-class/php-curl-class/zipball/54be433a7299c15b024ba808e10a96c5d5791d99",
                "reference": "54be433a7299c15b024ba808e10a96c5d5791d99",
                "shasum": ""
            },
            "require": {
                "ext-curl": "*",
                "php": ">=5.3"
            },
            "require-dev": {
                "ext-gd": "*",
                "phpunit/phpunit": "*",
                "squizlabs/php_codesniffer": "*"
            },
            "suggest": {
                "ext-mbstring": "*"
            },
            "type": "library",
            "autoload": {
                "psr-4": {
                    "Curl\\": "src/Curl/"
                }
            },
            "notification-url": "https://packagist.org/downloads/",
            "license": [
                "Unlicense"
            ],
            "authors": [
                {
                    "name": "Zach Borboa"
                }
            ],
            "description": "PHP Curl Class makes it easy to send HTTP requests and integrate with web APIs.",
            "homepage": "https://github.com/php-curl-class/php-curl-class",
            "keywords": [
                "API-Client",
                "api",
                "class",
                "client",
                "curl",
                "framework",
                "http",
                "http-client",
                "http-proxy",
                "json",
                "php",
                "php-curl",
                "php-curl-library",
                "proxy",
                "requests",
                "restful",
                "web-scraper",
                "web-scraping ",
                "web-service",
                "xml"
            ],
            "time": "2019-11-17T08:37:31+00:00"
        },
        {
            "name": "smarty/smarty",
            "version": "v3.1.34",
            "source": {
                "type": "git",
                "url": "https://github.com/smarty-php/smarty.git",
                "reference": "c9f0de05f41b9e52798b268ab1e625fac3b8578c"
            },
            "dist": {
                "type": "zip",
                "url": "https://api.github.com/repos/smarty-php/smarty/zipball/c9f0de05f41b9e52798b268ab1e625fac3b8578c",
                "reference": "c9f0de05f41b9e52798b268ab1e625fac3b8578c",
                "shasum": ""
            },
            "require": {
                "php": ">=5.2"
            },
            "require-dev": {
                "phpunit/phpunit": "6.4.1"
            },
            "type": "library",
            "extra": {
                "branch-alias": {
                    "dev-master": "3.1.x-dev"
                }
            },
            "autoload": {
                "classmap": [
                    "libs/"
                ]
            },
            "notification-url": "https://packagist.org/downloads/",
            "license": [
                "LGPL-3.0"
            ],
            "authors": [
                {
                    "name": "Monte Ohrt",
                    "email": "monte@ohrt.com"
                },
                {
                    "name": "Uwe Tews",
                    "email": "uwe.tews@googlemail.com"
                },
                {
                    "name": "Rodney Rehm",
                    "email": "rodney.rehm@medialize.de"
                }
            ],
            "description": "Smarty - the compiling PHP template engine",
            "homepage": "http://www.smarty.net",
            "keywords": [
                "templating"
            ],
            "time": "2019-02-28T06:42:20+00:00"
        },
        {
            "name": "xpaw/php-source-query-class",
            "version": "1.0.0",
            "source": {
                "type": "git",
                "url": "https://github.com/xPaw/PHP-Source-Query.git",
                "reference": "e798d8f7c2cdbfdd6496a8cd4574be32504c3338"
            },
            "dist": {
                "type": "zip",
                "url": "https://api.github.com/repos/xPaw/PHP-Source-Query/zipball/e798d8f7c2cdbfdd6496a8cd4574be32504c3338",
                "reference": "e798d8f7c2cdbfdd6496a8cd4574be32504c3338",
                "shasum": ""
            },
            "require": {
                "php": ">=5.4"
            },
            "type": "library",
            "autoload": {
                "psr-4": {
                    "xPaw\\SourceQuery\\": "SourceQuery/"
                }
            },
            "notification-url": "https://packagist.org/downloads/",
            "license": [
                "LGPL-2.1"
            ],
            "description": "PHP library to query and send RCON commands to servers based on \"Source Engine Query\" protocol",
            "homepage": "https://github.com/xPaw/PHP-Source-Query",
            "keywords": [
                "ark",
                "counter-strike",
                "csgo",
                "gmod",
                "minecraft",
                "rcon",
                "rust",
                "starbound",
                "team fortress"
            ],
            "time": "2015-10-11T10:10:35+00:00"
        }
    ],
    "packages-dev": [],
    "aliases": [],
    "minimum-stability": "stable",
    "stability-flags": [],
    "prefer-stable": false,
    "prefer-lowest": false,
    "platform": [],
    "platform-dev": []
}
